
Microsoft Visual Studio Solution File, Format Version 12.00
# Visual Studio Version 16
VisualStudioVersion = 16.0.33927.289
MinimumVisualStudioVersion = 10.0.40219.1
Project("{FAE04EC0-301F-11D3-BF4B-00C04F79EFBC}") = "ABC_Cinema", "ABC_Cinema\ABC_Cinema.csproj", "{AD7B4F92-75F0-4FB7-A7AC-92635CD9CEFD}"
EndProject
Global
	GlobalSection(SolutionConfigurationPlatforms) = preSolution
		Debug|Any CPU = Debug|Any CPU
		Release|Any CPU = Release|Any CPU
	EndGlobalSection
	GlobalSection(ProjectConfigurationPlatforms) = postSolution
		{AD7B4F92-75F0-4FB7-A7AC-92635CD9CEFD}.Debug|Any CPU.ActiveCfg = Debug|Any CPU
		{AD7B4F92-75F0-4FB7-A7AC-92635CD9CEFD}.Debug|Any CPU.Build.0 = Debug|Any CPU
		{AD7B4F92-75F0-4FB7-A7AC-92635CD9CEFD}.Release|Any CPU.ActiveCfg = Release|Any CPU
		{AD7B4F92-75F0-4FB7-A7AC-92635CD9CEFD}.Release|Any CPU.Build.0 = Release|Any CPU
	EndGlobalSection
	GlobalSection(SolutionProperties) = preSolution
		HideSolutionNode = FALSE
	EndGlobalSection
	GlobalSection(ExtensibilityGlobals) = postSolution
		SolutionGuid = {EA9261FB-5F8B-4CDE-B011-0F26033F1187}
	EndGlobalSection
EndGlobal
